
Microsoft Visual Studio Solution File, Format Version 12.00
# Visual Studio Version 16
VisualStudioVersion = 16.0.31829.152
MinimumVisualStudioVersion = 10.0.40219.1
Project("{FAE04EC0-301F-11D3-BF4B-00C04F79EFBC}") = "DatabaseCopierSingle", "DatabaseCopierSingle\DatabaseCopierSingle.csproj", "{C6CD2D0C-F450-447A-B7A2-CEF91BC06487}"
EndProject
Global
	GlobalSection(SolutionConfigurationPlatforms) = preSolution
		Debug|Any CPU = Debug|Any CPU
		Release|Any CPU = Release|Any CPU
	EndGlobalSection
	GlobalSection(ProjectConfigurationPlatforms) = postSolution
		{C6CD2D0C-F450-447A-B7A2-CEF91BC06487}.Debug|Any CPU.ActiveCfg = Debug|Any CPU
		{C6CD2D0C-F450-447A-B7A2-CEF91BC06487}.Debug|Any CPU.Build.0 = Debug|Any CPU
		{C6CD2D0C-F450-447A-B7A2-CEF91BC06487}.Release|Any CPU.ActiveCfg = Release|Any CPU
		{C6CD2D0C-F450-447A-B7A2-CEF91BC06487}.Release|Any CPU.Build.0 = Release|Any CPU
	EndGlobalSection
	GlobalSection(SolutionProperties) = preSolution
		HideSolutionNode = FALSE
	EndGlobalSection
	GlobalSection(ExtensibilityGlobals) = postSolution
		SolutionGuid = {3BAD4FE8-976B-4058-B61A-57361D25FED8}
	EndGlobalSection
EndGlobal
